Microsoft Visual Studio Solution File, Format Version 12.00
# Visual Studio Version 17
VisualStudioVersion = 17.0.31903.59
MinimumVisualStudioVersion = 10.0.40219.1
Project("{FAE04EC0-301F-11D3-BF4B-00C04F79EFBC}") = "NeuWillow.Anatomy.Brain.Common", "NeuWillow.Anatomy.Brain.Common\NeuWillow.Anatomy.Brain.Common.csproj", "{9638649C-8B50-499C-AD3B-7FEA64FB7A87}"
EndProject
Project("{FAE04EC0-301F-11D3-BF4B-00C04F79EFBC}") = "NeuWillow.Anatomy.Brain.Regions", "NeuWillow.Anatomy.Brain.Regions\NeuWillow.Anatomy.Brain.Regions.csproj", "{0F9E77CE-BF0E-4B87-82B5-4D0D38425D33}"
EndProject
Project("{FAE04EC0-301F-11D3-BF4B-00C04F79EFBC}") = "NeuWillow.Anatomy.Brain.Domains", "NeuWillow.Anatomy.Brain.Domains\NeuWillow.Anatomy.Brain.Domains.csproj", "{D5402E1A-E8A9-4F4B-A70D-DB9A2E2E1F3A}"
EndProject
Project("{FAE04EC0-301F-11D3-BF4B-00C04F79EFBC}") = "NeuWillow.Anatomy.Brain.Synapse", "NeuWillow.Anatomy.Brain.Synapse\NeuWillow.Anatomy.Brain.Synapse.csproj", "{BB33616E-28B3-49D1-BB4F-A76751104838}"
EndProject
Project("{FAE04EC0-301F-11D3-BF4B-00C04F79EFBC}") = "NeuWillow.Anatomy.Brain.ActionPotentials", "NeuWillow.Anatomy.Brain.ActionPotentials\NeuWillow.Anatomy.Brain.ActionPotentials.csproj", "{7532EDA4-37FC-4CAD-9CAE-F027AD2AE932}"
EndProject
Project("{FAE04EC0-301F-11D3-BF4B-00C04F79EFBC}") = "NeuWillow.Anatomy.Brain.Neurons", "NeuWillow.Anatomy.Brain.Neurons\NeuWillow.Anatomy.Brain.Neurons.csproj", "{0CF547DC-A566-4E50-85C0-E3F651B581AD}"
EndProject
Project("{FAE04EC0-301F-11D3-BF4B-00C04F79EFBC}") = "NeuWillow.Anatomy.Brain.Neurotransmitters", "NeuWillow.Anatomy.Brain.Neurons\NeuWillow.Anatomy.Brain.Neurotransmitters.csproj", "{0CF547DC-A566-4E50-85C0-E3F651B581AD}"
EndProject
Project("{FAE04EC0-301F-11D3-BF4B-00C04F79EFBC}") = "NeuWillow.Anatomy.Brain.Console", "NeuWillow.Anatomy.Brain.Console\NeuWillow.Anatomy.Brain.Console.csproj", "{C5388A96-04D0-41EF-98DA-F17C40488F6A}"
EndProject
Global
	GlobalSection(SolutionConfigurationPlatforms) = preSolution
		Debug|Any CPU = Debug|Any CPU
		Release|Any CPU = Release|Any CPU
	EndGlobalSection
	GlobalSection(ProjectConfigurationPlatforms) = postSolution
		{9638649C-8B50-499C-AD3B-7FEA64FB7A87}.Debug|Any CPU.ActiveCfg = Debug|Any CPU
		{9638649C-8B50-499C-AD3B-7FEA64FB7A87}.Debug|Any CPU.Build.0 = Debug|Any CPU
		{9638649C-8B50-499C-AD3B-7FEA64FB7A87}.Release|Any CPU.ActiveCfg = Release|Any CPU
		{9638649C-8B50-499C-AD3B-7FEA64FB7A87}.Release|Any CPU.Build.0 = Release|Any CPU
		{0F9E77CE-BF0E-4B87-82B5-4D0D38425D33}.Debug|Any CPU.ActiveCfg = Debug|Any CPU
		{0F9E77CE-BF0E-4B87-82B5-4D0D38425D33}.Debug|Any CPU.Build.0 = Debug|Any CPU
		{0F9E77CE-BF0E-4B87-82B5-4D0D38425D33}.Release|Any CPU.ActiveCfg = Release|Any CPU
		{0F9E77CE-BF0E-4B87-82B5-4D0D38425D33}.Release|Any CPU.Build.0 = Release|Any CPU
		{D5402E1A-E8A9-4F4B-A70D-DB9A2E2E1F3A}.Debug|Any CPU.ActiveCfg = Debug|Any CPU
		{D5402E1A-E8A9-4F4B-A70D-DB9A2E2E1F3A}.Debug|Any CPU.Build.0 = Debug|Any CPU
		{D5402E1A-E8A9-4F4B-A70D-DB9A2E2E1F3A}.Release|Any CPU.ActiveCfg = Release|Any CPU
		{D5402E1A-E8A9-4F4B-A70D-DB9A2E2E1F3A}.Release|Any CPU.Build.0 = Release|Any CPU
		{BB33616E-28B3-49D1-BB4F-A76751104838}.Debug|Any CPU.ActiveCfg = Debug|Any CPU
		{BB33616E-28B3-49D1-BB4F-A76751104838}.Debug|Any CPU.Build.0 = Debug|Any CPU
		{BB33616E-28B3-49D1-BB4F-A76751104838}.Release|Any CPU.ActiveCfg = Release|Any CPU
		{BB33616E-28B3-49D1-BB4F-A76751104838}.Release|Any CPU.Build.0 = Release|Any CPU
		{7532EDA4-37FC-4CAD-9CAE-F027AD2AE932}.Debug|Any CPU.ActiveCfg = Debug|Any CPU
		{7532EDA4-37FC-4CAD-9CAE-F027AD2AE932}.Debug|Any CPU.Build.0 = Debug|Any CPU
		{7532EDA4-37FC-4CAD-9CAE-F027AD2AE932}.Release|Any CPU.ActiveCfg = Release|Any CPU
		{7532EDA4-37FC-4CAD-9CAE-F027AD2AE932}.Release|Any CPU.Build.0 = Release|Any CPU
		{0CF547DC-A566-4E50-85C0-E3F651B581AD}.Debug|Any CPU.ActiveCfg = Debug|Any CPU
		{0CF547DC-A566-4E50-85C0-E3F651B581AD}.Debug|Any CPU.Build.0 = Debug|Any CPU
		{0CF547DC-A566-4E50-85C0-E3F651B581AD}.Release|Any CPU.ActiveCfg = Release|Any CPU
		{0CF547DC-A566-4E50-85C0-E3F651B581AD}.Release|Any CPU.Build.0 = Release|Any CPU
		{0CF547DC-A566-4E50-85C0-E3F651B581AD}.Debug|Any CPU.ActiveCfg = Debug|Any CPU
		{0CF547DC-A566-4E50-85C0-E3F651B581AD}.Debug|Any CPU.Build.0 = Debug|Any CPU
		{0CF547DC-A566-4E50-85C0-E3F651B581AD}.Release|Any CPU.ActiveCfg = Release|Any CPU
		{0CF547DC-A566-4E50-85C0-E3F651B581AD}.Release|Any CPU.Build.0 = Release|Any CPU
		{C5388A96-04D0-41EF-98DA-F17C40488F6A}.Debug|Any CPU.ActiveCfg = Debug|Any CPU
		{C5388A96-04D0-41EF-98DA-F17C40488F6A}.Debug|Any CPU.Build.0 = Debug|Any CPU
		{C5388A96-04D0-41EF-98DA-F17C40488F6A}.Release|Any CPU.ActiveCfg = Release|Any CPU
		{C5388A96-04D0-41EF-98DA-F17C40488F6A}.Release|Any CPU.Build.0 = Release|Any CPU
	EndGlobalSection
	GlobalSection(SolutionProperties) = preSolution
		HideSolutionNode = FALSE
	EndGlobalSection
EndGlobal